
Microsoft Visual Studio Solution File, Format Version 12.00
# Visual Studio Version 17
VisualStudioVersion = 17.5.002.0
MinimumVisualStudioVersion = 10.0.40219.1
Project("{9A19103F-16F7-4668-BE54-9A1E7A4F7556}") = "ExtensionMethodsConsole", "ExtensionMethodsConsole.csproj", "{9F52E1DE-BBF5-4E4B-B3DC-535B7D4260E7}"
EndProject
Global
	GlobalSection(SolutionConfigurationPlatforms) = preSolution
		Debug|Any CPU = Debug|Any CPU
		Release|Any CPU = Release|Any CPU
	EndGlobalSection
	GlobalSection(ProjectConfigurationPlatforms) = postSolution
		{9F52E1DE-BBF5-4E4B-B3DC-535B7D4260E7}.Debug|Any CPU.ActiveCfg = Debug|Any CPU
		{9F52E1DE-BBF5-4E4B-B3DC-535B7D4260E7}.Debug|Any CPU.Build.0 = Debug|Any CPU
		{9F52E1DE-BBF5-4E4B-B3DC-535B7D4260E7}.Release|Any CPU.ActiveCfg = Release|Any CPU
		{9F52E1DE-BBF5-4E4B-B3DC-535B7D4260E7}.Release|Any CPU.Build.0 = Release|Any CPU
	EndGlobalSection
	GlobalSection(SolutionProperties) = preSolution
		HideSolutionNode = FALSE
	EndGlobalSection
	GlobalSection(ExtensibilityGlobals) = postSolution
		SolutionGuid = {3FF1728B-4F44-4EAF-9AE9-C41A1F8B6147}
	EndGlobalSection
EndGlobal
